// !$*UTF8*$!
{
	archiveVersion = 1;
	classes = {
	};
	objectVersion = 46;
	objects = {

/* Begin PBXBuildFile section */
		873B54DA1F6A713D00E6EA7B /* patchfinder32.c in Sources */ = {isa = PBXBuildFile; fileRef = 873B54D81F6A713D00E6EA7B /* patchfinder32.c */; };
		873B54DE1F6A716600E6EA7B /* machoman.c in Sources */ = {isa = PBXBuildFile; fileRef = 873B54DC1F6A716600E6EA7B /* machoman.c */; };
		8791FEA41F6B454200D54D34 /* libcurl.tbd in Frameworks */ = {isa = PBXBuildFile; fileRef = 8791FEA31F6B454200D54D34 /* libcurl.tbd */; };
		8791FEA61F6B497F00D54D34 /* libfragmentzip.0.dylib in Frameworks */ = {isa = PBXBuildFile; fileRef = 8791FEA51F6B497F00D54D34 /* libfragmentzip.0.dylib */; };
		8791FEA91F6B508200D54D34 /* libipatcher.0.dylib in Frameworks */ = {isa = PBXBuildFile; fileRef = 8791FEA71F6B4C9800D54D34 /* libipatcher.0.dylib */; };
		B5878646201A433300B9464B /* main.cpp in Sources */ = {isa = PBXBuildFile; fileRef = B5878644201A433300B9464B /* main.cpp */; };
		B5878647201A433300B9464B /* offsetfinder.c in Sources */ = {isa = PBXBuildFile; fileRef = B5878645201A433300B9464B /* offsetfinder.c */; };
/* End PBXBuildFile section */

/* Begin PBXCopyFilesBuildPhase section */
		87ECBF591F6A6F9F00D3E102 /* CopyFiles */ = {
			isa = PBXCopyFilesBuildPhase;
			buildActionMask = 2147483647;
			dstPath = /usr/share/man/man1/;
			dstSubfolderSpec = 0;
			files = (
			);
			runOnlyForDeploymentPostprocessing = 1;
		};
/* End PBXCopyFilesBuildPhase section */

/* Begin PBXFileReference section */
		873B54D81F6A713D00E6EA7B /* patchfinder32.c */ = {isa = PBXFileReference; fileEncoding = 4; lastKnownFileType = sourcecode.c.c; name = patchfinder32.c; path = patchfinder32/patchfinder32.c; sourceTree = "<group>"; };
		873B54D91F6A713D00E6EA7B /* patchfinder32.h */ = {isa = PBXFileReference; fileEncoding = 4; lastKnownFileType = sourcecode.c.h; name = patchfinder32.h; path = patchfinder32/patchfinder32.h; sourceTree = "<group>"; };
		873B54DC1F6A716600E6EA7B /* machoman.c */ = {isa = PBXFileReference; fileEncoding = 4; lastKnownFileType = sourcecode.c.c; name = machoman.c; path = machoman/machoman.c; sourceTree = "<group>"; };
		873B54DD1F6A716600E6EA7B /* machoman.h */ = {isa = PBXFileReference; fileEncoding = 4; lastKnownFileType = sourcecode.c.h; name = machoman.h; path = machoman/machoman.h; sourceTree = "<group>"; };
		8791FEA31F6B454200D54D34 /* libcurl.tbd */ = {isa = PBXFileReference; lastKnownFileType = "sourcecode.text-based-dylib-definition"; name = libcurl.tbd; path = usr/lib/libcurl.tbd; sourceTree = SDKROOT; };
		8791FEA51F6B497F00D54D34 /* libfragmentzip.0.dylib */ = {isa = PBXFileReference; lastKnownFileType = "compiled.mach-o.dylib"; name = libfragmentzip.0.dylib; path = ../../../../usr/local/lib/libfragmentzip.0.dylib; sourceTree = "<group>"; };
		8791FEA71F6B4C9800D54D34 /* libipatcher.0.dylib */ = {isa = PBXFileReference; lastKnownFileType = "compiled.mach-o.dylib"; name = libipatcher.0.dylib; path = ../../../../usr/local/lib/libipatcher.0.dylib; sourceTree = "<group>"; };
		87ECBF5B1F6A6F9F00D3E102 /* offsetfinder */ = {isa = PBXFileReference; explicitFileType = "compiled.mach-o.executable"; includeInIndex = 0; path = offsetfinder; sourceTree = BUILT_PRODUCTS_DIR; };
		B5878643201A433300B9464B /* offsetfinder.h */ = {isa = PBXFileReference; fileEncoding = 4; lastKnownFileType = sourcecode.c.h; name = offsetfinder.h; path = watch_offsetfinder/offsetfinder.h; sourceTree = "<group>"; };
		B5878644201A433300B9464B /* main.cpp */ = {isa = PBXFileReference; fileEncoding = 4; lastKnownFileType = sourcecode.cpp.cpp; name = main.cpp; path = watch_offsetfinder/main.cpp; sourceTree = "<group>"; };
		B5878645201A433300B9464B /* offsetfinder.c */ = {isa = PBXFileReference; fileEncoding = 4; lastKnownFileType = sourcecode.c.c; name = offsetfinder.c; path = watch_offsetfinder/offsetfinder.c; sourceTree = "<group>"; };
/* End PBXFileReference section */

/* Begin PBXFrameworksBuildPhase section */
		87ECBF581F6A6F9F00D3E102 /* Frameworks */ = {
			isa = PBXFrameworksBuildPhase;
			buildActionMask = 2147483647;
			files = (
				8791FEA91F6B508200D54D34 /* libipatcher.0.dylib in Frameworks */,
				8791FEA61F6B497F00D54D34 /* libfragmentzip.0.dylib in Frameworks */,
				8791FEA41F6B454200D54D34 /* libcurl.tbd in Frameworks */,
			);
			runOnlyForDeploymentPostprocessing = 0;
		};
/* End PBXFrameworksBuildPhase section */

/* Begin PBXGroup section */
		873B54D71F6A712D00E6EA7B /* patchfinder32 */ = {
			isa = PBXGroup;
			children = (
				873B54D91F6A713D00E6EA7B /* patchfinder32.h */,
				873B54D81F6A713D00E6EA7B /* patchfinder32.c */,
			);
			name = patchfinder32;
			sourceTree = "<group>";
		};
		873B54DB1F6A714700E6EA7B /* machoman */ = {
			isa = PBXGroup;
			children = (
				873B54DD1F6A716600E6EA7B /* machoman.h */,
				873B54DC1F6A716600E6EA7B /* machoman.c */,
			);
			name = machoman;
			sourceTree = "<group>";
		};
		8791FEA21F6B454200D54D34 /* Frameworks */ = {
			isa = PBXGroup;
			children = (
				8791FEA71F6B4C9800D54D34 /* libipatcher.0.dylib */,
				8791FEA51F6B497F00D54D34 /* libfragmentzip.0.dylib */,
				8791FEA31F6B454200D54D34 /* libcurl.tbd */,
			);
			name = Frameworks;
			sourceTree = "<group>";
		};
		87ECBF521F6A6F9F00D3E102 = {
			isa = PBXGroup;
			children = (
				87ECBF5D1F6A6F9F00D3E102 /* watch_offsetfinder */,
				B5878644201A433300B9464B /* main.cpp */,
				B5878645201A433300B9464B /* offsetfinder.c */,
				B5878643201A433300B9464B /* offsetfinder.h */,
				87ECBF5C1F6A6F9F00D3E102 /* Products */,
				8791FEA21F6B454200D54D34 /* Frameworks */,
			);
			sourceTree = "<group>";
		};
		87ECBF5C1F6A6F9F00D3E102 /* Products */ = {
			isa = PBXGroup;
			children = (
				87ECBF5B1F6A6F9F00D3E102 /* offsetfinder */,
			);
			name = Products;
			sourceTree = "<group>";
		};
		87ECBF5D1F6A6F9F00D3E102 /* watch_offsetfinder */ = {
			isa = PBXGroup;
			children = (
				873B54D71F6A712D00E6EA7B /* patchfinder32 */,
				873B54DB1F6A714700E6EA7B /* machoman */,
			);
			path = watch_offsetfinder;
			sourceTree = "<group>";
		};
/* End PBXGroup section */

/* Begin PBXNativeTarget section */
		87ECBF5A1F6A6F9F00D3E102 /* offsetfinder */ = {
			isa = PBXNativeTarget;
			buildConfigurationList = 87ECBF621F6A6F9F00D3E102 /* Build configuration list for PBXNativeTarget "offsetfinder" */;
			buildPhases = (
				87ECBF571F6A6F9F00D3E102 /* Sources */,
				87ECBF581F6A6F9F00D3E102 /* Frameworks */,
				87ECBF591F6A6F9F00D3E102 /* CopyFiles */,
			);
			buildRules = (
			);
			dependencies = (
			);
			name = offsetfinder;
			productName = offsetfinder;
			productReference = 87ECBF5B1F6A6F9F00D3E102 /* offsetfinder */;
			productType = "com.apple.product-type.tool";
		};
/* End PBXNativeTarget section */

/* Begin PBXProject section */
		87ECBF531F6A6F9F00D3E102 /* Project object */ = {
			isa = PBXProject;
			attributes = {
				LastUpgradeCheck = 0920;
				ORGANIZATIONNAME = tihmstar;
				TargetAttributes = {
					87ECBF5A1F6A6F9F00D3E102 = {
						CreatedOnToolsVersion = 8.3.3;
						ProvisioningStyle = Automatic;
					};
				};
			};
			buildConfigurationList = 87ECBF561F6A6F9F00D3E102 /* Build configuration list for PBXProject "watch_offsetfinder" */;
			compatibilityVersion = "Xcode 3.2";
			developmentRegion = English;
			hasScannedForEncodings = 0;
			knownRegions = (
				en,
			);
			mainGroup = 87ECBF521F6A6F9F00D3E102;
			productRefGroup = 87ECBF5C1F6A6F9F00D3E102 /* Products */;
			projectDirPath = "";
			projectRoot = "";
			targets = (
				87ECBF5A1F6A6F9F00D3E102 /* offsetfinder */,
			);
		};
/* End PBXProject section */

/* Begin PBXSourcesBuildPhase section */
		87ECBF571F6A6F9F00D3E102 /* Sources */ = {
			isa = PBXSourcesBuildPhase;
			buildActionMask = 2147483647;
			files = (
				B5878647201A433300B9464B /* offsetfinder.c in Sources */,
				873B54DA1F6A713D00E6EA7B /* patchfinder32.c in Sources */,
				B5878646201A433300B9464B /* main.cpp in Sources */,
				873B54DE1F6A716600E6EA7B /* machoman.c in Sources */,
			);
			runOnlyForDeploymentPostprocessing = 0;
		};
/* End PBXSourcesBuildPhase section */

/* Begin XCBuildConfiguration section */
		87ECBF601F6A6F9F00D3E102 /* Debug */ = {
			isa = XCBuildConfiguration;
			buildSettings = {
				ALWAYS_SEARCH_USER_PATHS = NO;
				CLANG_ANALYZER_NONNULL = YES;
				CLANG_ANALYZER_NUMBER_OBJECT_CONVERSION = YES_AGGRESSIVE;
				CLANG_CXX_LANGUAGE_STANDARD = "gnu++0x";
				CLANG_CXX_LIBRARY = "libc++";
				CLANG_ENABLE_MODULES = YES;
				CLANG_ENABLE_OBJC_ARC = YES;
				CLANG_WARN_BLOCK_CAPTURE_AUTORELEASING = YES;
				CLANG_WARN_BOOL_CONVERSION = YES;
				CLANG_WARN_COMMA = YES;
				CLANG_WARN_CONSTANT_CONVERSION = YES;
				CLANG_WARN_DIRECT_OBJC_ISA_USAGE = YES_ERROR;
				CLANG_WARN_DOCUMENTATION_COMMENTS = YES;
				CLANG_WARN_EMPTY_BODY = YES;
				CLANG_WARN_ENUM_CONVERSION = YES;
				CLANG_WARN_INFINITE_RECURSION = YES;
				CLANG_WARN_INT_CONVERSION = YES;
				CLANG_WARN_NON_LITERAL_NULL_CONVERSION = YES;
				CLANG_WARN_OBJC_LITERAL_CONVERSION = YES;
				CLANG_WARN_OBJC_ROOT_CLASS = YES_ERROR;
				CLANG_WARN_RANGE_LOOP_ANALYSIS = YES;
				CLANG_WARN_STRICT_PROTOTYPES = YES;
				CLANG_WARN_SUSPICIOUS_MOVE = YES;
				CLANG_WARN_UNREACHABLE_CODE = YES;
				CLANG_WARN__DUPLICATE_METHOD_MATCH = YES;
				CODE_SIGN_IDENTITY = "-";
				COPY_PHASE_STRIP = NO;
				DEBUG_INFORMATION_FORMAT = dwarf;
				ENABLE_STRICT_OBJC_MSGSEND = YES;
				ENABLE_TESTABILITY = YES;
				GCC_C_LANGUAGE_STANDARD = gnu99;
				GCC_DYNAMIC_NO_PIC = NO;
				GCC_NO_COMMON_BLOCKS = YES;
				GCC_OPTIMIZATION_LEVEL = 0;
				GCC_PREPROCESSOR_DEFINITIONS = (
					"DEBUG=1",
					"$(inherited)",
				);
				GCC_WARN_64_TO_32_BIT_CONVERSION = YES;
				GCC_WARN_ABOUT_RETURN_TYPE = YES_ERROR;
				GCC_WARN_UNDECLARED_SELECTOR = YES;
				GCC_WARN_UNINITIALIZED_AUTOS = YES_AGGRESSIVE;
				GCC_WARN_UNUSED_FUNCTION = YES;
				GCC_WARN_UNUSED_VARIABLE = YES;
				MACOSX_DEPLOYMENT_TARGET = 10.12;
				MTL_ENABLE_DEBUG_INFO = YES;
				ONLY_ACTIVE_ARCH = YES;
				SDKROOT = macosx;
			};
			name = Debug;
		};
		87ECBF611F6A6F9F00D3E102 /* Release */ = {
			isa = XCBuildConfiguration;
			buildSettings = {
				ALWAYS_SEARCH_USER_PATHS = NO;
				CLANG_ANALYZER_NONNULL = YES;
				CLANG_ANALYZER_NUMBER_OBJECT_CONVERSION = YES_AGGRESSIVE;
				CLANG_CXX_LANGUAGE_STANDARD = "gnu++0x";
				CLANG_CXX_LIBRARY = "libc++";
				CLANG_ENABLE_MODULES = YES;
				CLANG_ENABLE_OBJC_ARC = YES;
				CLANG_WARN_BLOCK_CAPTURE_AUTORELEASING = YES;
				CLANG_WARN_BOOL_CONVERSION = YES;
				CLANG_WARN_COMMA = YES;
				CLANG_WARN_CONSTANT_CONVERSION = YES;
				CLANG_WARN_DIRECT_OBJC_ISA_USAGE = YES_ERROR;
				CLANG_WARN_DOCUMENTATION_COMMENTS = YES;
				CLANG_WARN_EMPTY_BODY = YES;
				CLANG_WARN_ENUM_CONVERSION = YES;
				CLANG_WARN_INFINITE_RECURSION = YES;
				CLANG_WARN_INT_CONVERSION = YES;
				CLANG_WARN_NON_LITERAL_NULL_CONVERSION = YES;
				CLANG_WARN_OBJC_LITERAL_CONVERSION = YES;
				CLANG_WARN_OBJC_ROOT_CLASS = YES_ERROR;
				CLANG_WARN_RANGE_LOOP_ANALYSIS = YES;
				CLANG_WARN_STRICT_PROTOTYPES = YES;
				CLANG_WARN_SUSPICIOUS_MOVE = YES;
				CLANG_WARN_UNREACHABLE_CODE = YES;
				CLANG_WARN__DUPLICATE_METHOD_MATCH = YES;
				CODE_SIGN_IDENTITY = "-";
				COPY_PHASE_STRIP = NO;
				DEBUG_INFORMATION_FORMAT = "dwarf-with-dsym";
				ENABLE_NS_ASSERTIONS = NO;
				ENABLE_STRICT_OBJC_MSGSEND = YES;
				GCC_C_LANGUAGE_STANDARD = gnu99;
				GCC_NO_COMMON_BLOCKS = YES;
				GCC_WARN_64_TO_32_BIT_CONVERSION = YES;
				GCC_WARN_ABOUT_RETURN_TYPE = YES_ERROR;
				GCC_WARN_UNDECLARED_SELECTOR = YES;
				GCC_WARN_UNINITIALIZED_AUTOS = YES_AGGRESSIVE;
				GCC_WARN_UNUSED_FUNCTION = YES;
				GCC_WARN_UNUSED_VARIABLE = YES;
				MACOSX_DEPLOYMENT_TARGET = 10.12;
				MTL_ENABLE_DEBUG_INFO = NO;
				SDKROOT = macosx;
			};
			name = Release;
		};
		87ECBF631F6A6F9F00D3E102 /* Debug */ = {
			isa = XCBuildConfiguration;
			buildSettings = {
				ALWAYS_SEARCH_USER_PATHS = YES;
				LIBRARY_SEARCH_PATHS = /usr/local/lib;
				PRODUCT_NAME = "$(TARGET_NAME)";
				USER_HEADER_SEARCH_PATHS = /usr/local/include;
			};
			name = Debug;
		};
		87ECBF641F6A6F9F00D3E102 /* Release */ = {
			isa = XCBuildConfiguration;
			buildSettings = {
				ALWAYS_SEARCH_USER_PATHS = YES;
				LIBRARY_SEARCH_PATHS = /usr/local/lib;
				PRODUCT_NAME = "$(TARGET_NAME)";
				USER_HEADER_SEARCH_PATHS = /usr/local/include;
			};
			name = Release;
		};
/* End XCBuildConfiguration section */

/* Begin XCConfigurationList section */
		87ECBF561F6A6F9F00D3E102 /* Build configuration list for PBXProject "watch_offsetfinder" */ = {
			isa = XCConfigurationList;
			buildConfigurations = (
				87ECBF601F6A6F9F00D3E102 /* Debug */,
				87ECBF611F6A6F9F00D3E102 /* Release */,
			);
			defaultConfigurationIsVisible = 0;
			defaultConfigurationName = Release;
		};
		87ECBF621F6A6F9F00D3E102 /* Build configuration list for PBXNativeTarget "offsetfinder" */ = {
			isa = XCConfigurationList;
			buildConfigurations = (
				87ECBF631F6A6F9F00D3E102 /* Debug */,
				87ECBF641F6A6F9F00D3E102 /* Release */,
			);
			defaultConfigurationIsVisible = 0;
			defaultConfigurationName = Release;
		};
/* End XCConfigurationList section */
	};
	rootObject = 87ECBF531F6A6F9F00D3E102 /* Project object */;
}
